{
  "requires": true,
  "lockfileVersion": 1,
  "dependencies": {
    "password-validator": {
      "version": "5.2.1",
      "resolved": "https://registry.npmjs.org/password-validator/-/password-validator-5.2.1.tgz",
      "integrity": "sha512-EfNW0akQ+YrMawF5KNXoDBTdUvXwx2vxvIuq1XXUiDmti7aaBDnqTl/IAruxztWTCN0Bt+og3LL3I9E4blCRqQ=="
    },
    "react-use-password-validator": {
      "version": "0.0.1",
      "resolved": "https://registry.npmjs.org/react-use-password-validator/-/react-use-password-validator-0.0.1.tgz",
      "integrity": "sha512-dayWv8sj7hSVCuWiZv3pIIUrKcstWGoN5daFnRtJxNEedjZ9c4g+o1BSEoZpbUc1lMK58aEbYZUmhJ/2xU3GIg==",
      "requires": {
        "password-validator": "^5.1.1"
      }
    }
  }
}
